
Microsoft Visual Studio Solution File, Format Version 12.00
# Visual Studio Version 17
VisualStudioVersion = 17.5.33424.131
MinimumVisualStudioVersion = 10.0.40219.1
Project("{FAE04EC0-301F-11D3-BF4B-00C04F79EFBC}") = "prak5", "prak5.csproj", "{B75D414A-49E3-4C94-AE39-57EE0B958F8C}"
EndProject
Global
	GlobalSection(SolutionConfigurationPlatforms) = preSolution
		Debug|Any CPU = Debug|Any CPU
		Release|Any CPU = Release|Any CPU
	EndGlobalSection
	GlobalSection(ProjectConfigurationPlatforms) = postSolution
		{B75D414A-49E3-4C94-AE39-57EE0B958F8C}.Debug|Any CPU.ActiveCfg = Debug|Any CPU
		{B75D414A-49E3-4C94-AE39-57EE0B958F8C}.Debug|Any CPU.Build.0 = Debug|Any CPU
		{B75D414A-49E3-4C94-AE39-57EE0B958F8C}.Release|Any CPU.ActiveCfg = Release|Any CPU
		{B75D414A-49E3-4C94-AE39-57EE0B958F8C}.Release|Any CPU.Build.0 = Release|Any CPU
	EndGlobalSection
	GlobalSection(SolutionProperties) = preSolution
		HideSolutionNode = FALSE
	EndGlobalSection
	GlobalSection(ExtensibilityGlobals) = postSolution
		SolutionGuid = {E8207446-D1C9-4E46-94C4-DC98F41FDDD8}
	EndGlobalSection
EndGlobal
